
Microsoft Visual Studio Solution File, Format Version 12.00
# Visual Studio 2012
Project("{FAE04EC0-301F-11D3-BF4B-00C04F79EFBC}") = "mission2", "mission2\mission2.csproj", "{BF109179-7A1A-4D04-95EC-44BC9F0DA078}"
EndProject
Project("{FAE04EC0-301F-11D3-BF4B-00C04F79EFBC}") = "IntegrationFiche", "IntegrationFiche\IntegrationFiche.csproj", "{E1D43F52-763D-4BA8-8A15-BF1ED276492C}"
EndProject
Global
	GlobalSection(SolutionConfigurationPlatforms) = preSolution
		Debug|Any CPU = Debug|Any CPU
		Release|Any CPU = Release|Any CPU
	EndGlobalSection
	GlobalSection(ProjectConfigurationPlatforms) = postSolution
		{BF109179-7A1A-4D04-95EC-44BC9F0DA078}.Debug|Any CPU.ActiveCfg = Debug|Any CPU
		{BF109179-7A1A-4D04-95EC-44BC9F0DA078}.Debug|Any CPU.Build.0 = Debug|Any CPU
		{BF109179-7A1A-4D04-95EC-44BC9F0DA078}.Release|Any CPU.ActiveCfg = Release|Any CPU
		{BF109179-7A1A-4D04-95EC-44BC9F0DA078}.Release|Any CPU.Build.0 = Release|Any CPU
		{E1D43F52-763D-4BA8-8A15-BF1ED276492C}.Debug|Any CPU.ActiveCfg = Debug|Any CPU
		{E1D43F52-763D-4BA8-8A15-BF1ED276492C}.Debug|Any CPU.Build.0 = Debug|Any CPU
		{E1D43F52-763D-4BA8-8A15-BF1ED276492C}.Release|Any CPU.ActiveCfg = Release|Any CPU
		{E1D43F52-763D-4BA8-8A15-BF1ED276492C}.Release|Any CPU.Build.0 = Release|Any CPU
	EndGlobalSection
	GlobalSection(SolutionProperties) = preSolution
		HideSolutionNode = FALSE
	EndGlobalSection
EndGlobal
